// !$*UTF8*$!
{
	archiveVersion = 1;
	classes = {
	};
	objectVersion = 46;
	objects = {

/* Begin PBXBuildFile section */
		12C396C51CACEAC100F566C4 /* AppDelegate.swift in Sources */ = {isa = PBXBuildFile; fileRef = 12C396C41CACEAC100F566C4 /* AppDelegate.swift */; };
		12C396C71CACEAC100F566C4 /* TabViewController.swift in Sources */ = {isa = PBXBuildFile; fileRef = 12C396C61CACEAC100F566C4 /* TabViewController.swift */; };
		12C396CA1CACEAC100F566C4 /* Main.storyboard in Resources */ = {isa = PBXBuildFile; fileRef = 12C396C81CACEAC100F566C4 /* Main.storyboard */; };
		12C396CC1CACEAC100F566C4 /* Assets.xcassets in Resources */ = {isa = PBXBuildFile; fileRef = 12C396CB1CACEAC100F566C4 /* Assets.xcassets */; };
		12C396CF1CACEAC100F566C4 /* LaunchScreen.storyboard in Resources */ = {isa = PBXBuildFile; fileRef = 12C396CD1CACEAC100F566C4 /* LaunchScreen.storyboard */; };
		12C396D71CAE4AE600F566C4 /* LoginViewController.swift in Sources */ = {isa = PBXBuildFile; fileRef = 12C396D61CAE4AE600F566C4 /* LoginViewController.swift */; };
		12C396D91CAE4B2900F566C4 /* MapViewController.swift in Sources */ = {isa = PBXBuildFile; fileRef = 12C396D81CAE4B2900F566C4 /* MapViewController.swift */; };
		12C396DB1CAE4B4400F566C4 /* StudentsListViewController.swift in Sources */ = {isa = PBXBuildFile; fileRef = 12C396DA1CAE4B4400F566C4 /* StudentsListViewController.swift */; };
		12C396DD1CAF181200F566C4 /* external Resources in Resources */ = {isa = PBXBuildFile; fileRef = 12C396DC1CAF181200F566C4 /* external Resources */; };
		12C396E51CAF287C00F566C4 /* NavigationViewController.swift in Sources */ = {isa = PBXBuildFile; fileRef = 12C396E41CAF287C00F566C4 /* NavigationViewController.swift */; };
		12C396E71CAF7D6A00F566C4 /* InformationPostingViewController.swift in Sources */ = {isa = PBXBuildFile; fileRef = 12C396E61CAF7D6A00F566C4 /* InformationPostingViewController.swift */; };
		12C396E91CB307A400F566C4 /* OTMClient.swift in Sources */ = {isa = PBXBuildFile; fileRef = 12C396E81CB307A400F566C4 /* OTMClient.swift */; };
		12C396EC1CB307DD00F566C4 /* OTMClientContants.swift in Sources */ = {isa = PBXBuildFile; fileRef = 12C396EB1CB307DD00F566C4 /* OTMClientContants.swift */; };
		12C396EF1CB59D4200F566C4 /* FBSDKCoreKit.framework in Frameworks */ = {isa = PBXBuildFile; fileRef = 12C396EE1CB59D4200F566C4 /* FBSDKCoreKit.framework */; };
		12C396F11CB59ECE00F566C4 /* FBSDKLoginKit.framework in Frameworks */ = {isa = PBXBuildFile; fileRef = 12C396F01CB59ECE00F566C4 /* FBSDKLoginKit.framework */; };
		12C396F41CB5A10200F566C4 /* ObjectiveCFile.m in Sources */ = {isa = PBXBuildFile; fileRef = 12C396F31CB5A10200F566C4 /* ObjectiveCFile.m */; };
/* End PBXBuildFile section */

/* Begin PBXFileReference section */
		12C396C11CACEAC100F566C4 /* On The Map.app */ = {isa = PBXFileReference; explicitFileType = wrapper.application; includeInIndex = 0; path = "On The Map.app"; sourceTree = BUILT_PRODUCTS_DIR; };
		12C396C41CACEAC100F566C4 /* AppDelegate.swift */ = {isa = PBXFileReference; lastKnownFileType = sourcecode.swift; path = AppDelegate.swift; sourceTree = "<group>"; };
		12C396C61CACEAC100F566C4 /* TabViewController.swift */ = {isa = PBXFileReference; lastKnownFileType = sourcecode.swift; path = TabViewController.swift; sourceTree = "<group>"; };
		12C396C91CACEAC100F566C4 /* Base */ = {isa = PBXFileReference; lastKnownFileType = file.storyboard; name = Base; path = Base.lproj/Main.storyboard; sourceTree = "<group>"; };
		12C396CB1CACEAC100F566C4 /* Assets.xcassets */ = {isa = PBXFileReference; lastKnownFileType = folder.assetcatalog; path = Assets.xcassets; sourceTree = "<group>"; };
		12C396CE1CACEAC100F566C4 /* Base */ = {isa = PBXFileReference; lastKnownFileType = file.storyboard; name = Base; path = Base.lproj/LaunchScreen.storyboard; sourceTree = "<group>"; };
		12C396D01CACEAC100F566C4 /* Info.plist */ = {isa = PBXFileReference; lastKnownFileType = text.plist.xml; path = Info.plist; sourceTree = "<group>"; };
		12C396D61CAE4AE600F566C4 /* LoginViewController.swift */ = {isa = PBXFileReference; fileEncoding = 4; lastKnownFileType = sourcecode.swift; path = LoginViewController.swift; sourceTree = "<group>"; };
		12C396D81CAE4B2900F566C4 /* MapViewController.swift */ = {isa = PBXFileReference; fileEncoding = 4; lastKnownFileType = sourcecode.swift; path = MapViewController.swift; sourceTree = "<group>"; };
		12C396DA1CAE4B4400F566C4 /* StudentsListViewController.swift */ = {isa = PBXFileReference; fileEncoding = 4; lastKnownFileType = sourcecode.swift; path = StudentsListViewController.swift; sourceTree = "<group>"; };
		12C396DC1CAF181200F566C4 /* external Resources */ = {isa = PBXFileReference; fileEncoding = 4; lastKnownFileType = text; path = "external Resources"; sourceTree = "<group>"; };
		12C396E41CAF287C00F566C4 /* NavigationViewController.swift */ = {isa = PBXFileReference; fileEncoding = 4; lastKnownFileType = sourcecode.swift; path = NavigationViewController.swift; sourceTree = "<group>"; };
		12C396E61CAF7D6A00F566C4 /* InformationPostingViewController.swift */ = {isa = PBXFileReference; fileEncoding = 4; lastKnownFileType = sourcecode.swift; path = InformationPostingViewController.swift; sourceTree = "<group>"; };
		12C396E81CB307A400F566C4 /* OTMClient.swift */ = {isa = PBXFileReference; fileEncoding = 4; lastKnownFileType = sourcecode.swift; path = OTMClient.swift; sourceTree = "<group>"; };
		12C396EB1CB307DD00F566C4 /* OTMClientContants.swift */ = {isa = PBXFileReference; fileEncoding = 4; lastKnownFileType = sourcecode.swift; path = OTMClientContants.swift; sourceTree = "<group>"; };
		12C396EE1CB59D4200F566C4 /* FBSDKCoreKit.framework */ = {isa = PBXFileReference; lastKnownFileType = wrapper.framework; path = FBSDKCoreKit.framework; sourceTree = "<group>"; };
		12C396F01CB59ECE00F566C4 /* FBSDKLoginKit.framework */ = {isa = PBXFileReference; lastKnownFileType = wrapper.framework; path = FBSDKLoginKit.framework; sourceTree = "<group>"; };
		12C396F21CB5A10200F566C4 /* On The Map-Bridging-Header.h */ = {isa = PBXFileReference; lastKnownFileType = sourcecode.c.h; path = "On The Map-Bridging-Header.h"; sourceTree = "<group>"; };
		12C396F31CB5A10200F566C4 /* ObjectiveCFile.m */ = {isa = PBXFileReference; fileEncoding = 4; lastKnownFileType = sourcecode.c.objc; path = ObjectiveCFile.m; sourceTree = "<group>"; };
		12C396F51CB5A14400F566C4 /* ObjectiveCFile.h */ = {isa = PBXFileReference; lastKnownFileType = sourcecode.c.h; path = ObjectiveCFile.h; sourceTree = "<group>"; };
/* End PBXFileReference section */

/* Begin PBXFrameworksBuildPhase section */
		12C396BE1CACEAC100F566C4 /* Frameworks */ = {
			isa = PBXFrameworksBuildPhase;
			buildActionMask = 2147483647;
			files = (
				12C396F11CB59ECE00F566C4 /* FBSDKLoginKit.framework in Frameworks */,
				12C396EF1CB59D4200F566C4 /* FBSDKCoreKit.framework in Frameworks */,
			);
			runOnlyForDeploymentPostprocessing = 0;
		};
/* End PBXFrameworksBuildPhase section */

/* Begin PBXGroup section */
		12C396B81CACEAC100F566C4 = {
			isa = PBXGroup;
			children = (
				12C396ED1CB59D2300F566C4 /* Frameworks */,
				12C396C31CACEAC100F566C4 /* On The Map */,
				12C396C21CACEAC100F566C4 /* Products */,
			);
			sourceTree = "<group>";
		};
		12C396C21CACEAC100F566C4 /* Products */ = {
			isa = PBXGroup;
			children = (
				12C396C11CACEAC100F566C4 /* On The Map.app */,
			);
			name = Products;
			sourceTree = "<group>";
		};
		12C396C31CACEAC100F566C4 /* On The Map */ = {
			isa = PBXGroup;
			children = (
				12C396EA1CB307B900F566C4 /* Client */,
				12C396C41CACEAC100F566C4 /* AppDelegate.swift */,
				12C396C61CACEAC100F566C4 /* TabViewController.swift */,
				12C396C81CACEAC100F566C4 /* Main.storyboard */,
				12C396CB1CACEAC100F566C4 /* Assets.xcassets */,
				12C396CD1CACEAC100F566C4 /* LaunchScreen.storyboard */,
				12C396D01CACEAC100F566C4 /* Info.plist */,
				12C396D61CAE4AE600F566C4 /* LoginViewController.swift */,
				12C396D81CAE4B2900F566C4 /* MapViewController.swift */,
				12C396DA1CAE4B4400F566C4 /* StudentsListViewController.swift */,
				12C396DC1CAF181200F566C4 /* external Resources */,
				12C396E41CAF287C00F566C4 /* NavigationViewController.swift */,
				12C396E61CAF7D6A00F566C4 /* InformationPostingViewController.swift */,
			);
			path = "On The Map";
			sourceTree = "<group>";
		};
		12C396EA1CB307B900F566C4 /* Client */ = {
			isa = PBXGroup;
			children = (
				12C396E81CB307A400F566C4 /* OTMClient.swift */,
				12C396EB1CB307DD00F566C4 /* OTMClientContants.swift */,
			);
			name = Client;
			sourceTree = "<group>";
		};
		12C396ED1CB59D2300F566C4 /* Frameworks */ = {
			isa = PBXGroup;
			children = (
				12C396F01CB59ECE00F566C4 /* FBSDKLoginKit.framework */,
				12C396EE1CB59D4200F566C4 /* FBSDKCoreKit.framework */,
				12C396F31CB5A10200F566C4 /* ObjectiveCFile.m */,
				12C396F21CB5A10200F566C4 /* On The Map-Bridging-Header.h */,
				12C396F51CB5A14400F566C4 /* ObjectiveCFile.h */,
			);
			name = Frameworks;
			sourceTree = "<group>";
		};
/* End PBXGroup section */

/* Begin PBXNativeTarget section */
		12C396C01CACEAC100F566C4 /* On The Map */ = {
			isa = PBXNativeTarget;
			buildConfigurationList = 12C396D31CACEAC100F566C4 /* Build configuration list for PBXNativeTarget "On The Map" */;
			buildPhases = (
				12C396BD1CACEAC100F566C4 /* Sources */,
				12C396BE1CACEAC100F566C4 /* Frameworks */,
				12C396BF1CACEAC100F566C4 /* Resources */,
			);
			buildRules = (
			);
			dependencies = (
			);
			name = "On The Map";
			productName = "On The Map";
			productReference = 12C396C11CACEAC100F566C4 /* On The Map.app */;
			productType = "com.apple.product-type.application";
		};
/* End PBXNativeTarget section */

/* Begin PBXProject section */
		12C396B91CACEAC100F566C4 /* Project object */ = {
			isa = PBXProject;
			attributes = {
				LastSwiftUpdateCheck = 0730;
				LastUpgradeCheck = 0730;
				ORGANIZATIONNAME = "Sascha Stanic";
				TargetAttributes = {
					12C396C01CACEAC100F566C4 = {
						CreatedOnToolsVersion = 7.3;
						DevelopmentTeam = D3XLMCMEYM;
					};
				};
			};
			buildConfigurationList = 12C396BC1CACEAC100F566C4 /* Build configuration list for PBXProject "On The Map" */;
			compatibilityVersion = "Xcode 3.2";
			developmentRegion = English;
			hasScannedForEncodings = 0;
			knownRegions = (
				en,
				Base,
			);
			mainGroup = 12C396B81CACEAC100F566C4;
			productRefGroup = 12C396C21CACEAC100F566C4 /* Products */;
			projectDirPath = "";
			projectRoot = "";
			targets = (
				12C396C01CACEAC100F566C4 /* On The Map */,
			);
		};
/* End PBXProject section */

/* Begin PBXResourcesBuildPhase section */
		12C396BF1CACEAC100F566C4 /* Resources */ = {
			isa = PBXResourcesBuildPhase;
			buildActionMask = 2147483647;
			files = (
				12C396CF1CACEAC100F566C4 /* LaunchScreen.storyboard in Resources */,
				12C396CC1CACEAC100F566C4 /* Assets.xcassets in Resources */,
				12C396CA1CACEAC100F566C4 /* Main.storyboard in Resources */,
				12C396DD1CAF181200F566C4 /* external Resources in Resources */,
			);
			runOnlyForDeploymentPostprocessing = 0;
		};
/* End PBXResourcesBuildPhase section */

/* Begin PBXSourcesBuildPhase section */
		12C396BD1CACEAC100F566C4 /* Sources */ = {
			isa = PBXSourcesBuildPhase;
			buildActionMask = 2147483647;
			files = (
				12C396DB1CAE4B4400F566C4 /* StudentsListViewController.swift in Sources */,
				12C396D71CAE4AE600F566C4 /* LoginViewController.swift in Sources */,
				12C396E91CB307A400F566C4 /* OTMClient.swift in Sources */,
				12C396E71CAF7D6A00F566C4 /* InformationPostingViewController.swift in Sources */,
				12C396C71CACEAC100F566C4 /* TabViewController.swift in Sources */,
				12C396EC1CB307DD00F566C4 /* OTMClientContants.swift in Sources */,
				12C396C51CACEAC100F566C4 /* AppDelegate.swift in Sources */,
				12C396F41CB5A10200F566C4 /* ObjectiveCFile.m in Sources */,
				12C396D91CAE4B2900F566C4 /* MapViewController.swift in Sources */,
				12C396E51CAF287C00F566C4 /* NavigationViewController.swift in Sources */,
			);
			runOnlyForDeploymentPostprocessing = 0;
		};
/* End PBXSourcesBuildPhase section */

/* Begin PBXVariantGroup section */
		12C396C81CACEAC100F566C4 /* Main.storyboard */ = {
			isa = PBXVariantGroup;
			children = (
				12C396C91CACEAC100F566C4 /* Base */,
			);
			name = Main.storyboard;
			sourceTree = "<group>";
		};
		12C396CD1CACEAC100F566C4 /* LaunchScreen.storyboard */ = {
			isa = PBXVariantGroup;
			children = (
				12C396CE1CACEAC100F566C4 /* Base */,
			);
			name = LaunchScreen.storyboard;
			sourceTree = "<group>";
		};
/* End PBXVariantGroup section */

/* Begin XCBuildConfiguration section */
		12C396D11CACEAC100F566C4 /* Debug */ = {
			isa = XCBuildConfiguration;
			buildSettings = {
				ALWAYS_SEARCH_USER_PATHS = NO;
				CLANG_ANALYZER_NONNULL = YES;
				CLANG_CXX_LANGUAGE_STANDARD = "gnu++0x";
				CLANG_CXX_LIBRARY = "libc++";
				CLANG_ENABLE_MODULES = YES;
				CLANG_ENABLE_OBJC_ARC = YES;
				CLANG_WARN_BOOL_CONVERSION = YES;
				CLANG_WARN_CONSTANT_CONVERSION = YES;
				CLANG_WARN_DIRECT_OBJC_ISA_USAGE = YES_ERROR;
				CLANG_WARN_EMPTY_BODY = YES;
				CLANG_WARN_ENUM_CONVERSION = YES;
				CLANG_WARN_INT_CONVERSION = YES;
				CLANG_WARN_OBJC_ROOT_CLASS = YES_ERROR;
				CLANG_WARN_UNREACHABLE_CODE = YES;
				CLANG_WARN__DUPLICATE_METHOD_MATCH = YES;
				"CODE_SIGN_IDENTITY[sdk=iphoneos*]" = "iPhone Developer";
				COPY_PHASE_STRIP = NO;
				DEBUG_INFORMATION_FORMAT = dwarf;
				ENABLE_STRICT_OBJC_MSGSEND = YES;
				ENABLE_TESTABILITY = YES;
				GCC_C_LANGUAGE_STANDARD = gnu99;
				GCC_DYNAMIC_NO_PIC = NO;
				GCC_NO_COMMON_BLOCKS = YES;
				GCC_OPTIMIZATION_LEVEL = 0;
				GCC_PREPROCESSOR_DEFINITIONS = (
					"DEBUG=1",
					"$(inherited)",
				);
				GCC_WARN_64_TO_32_BIT_CONVERSION = YES;
				GCC_WARN_ABOUT_RETURN_TYPE = YES_ERROR;
				GCC_WARN_UNDECLARED_SELECTOR = YES;
				GCC_WARN_UNINITIALIZED_AUTOS = YES_AGGRESSIVE;
				GCC_WARN_UNUSED_FUNCTION = YES;
				GCC_WARN_UNUSED_VARIABLE = YES;
				IPHONEOS_DEPLOYMENT_TARGET = 9.3;
				MTL_ENABLE_DEBUG_INFO = YES;
				ONLY_ACTIVE_ARCH = YES;
				SDKROOT = iphoneos;
				SWIFT_OPTIMIZATION_LEVEL = "-Onone";
			};
			name = Debug;
		};
		12C396D21CACEAC100F566C4 /* Release */ = {
			isa = XCBuildConfiguration;
			buildSettings = {
				ALWAYS_SEARCH_USER_PATHS = NO;
				CLANG_ANALYZER_NONNULL = YES;
				CLANG_CXX_LANGUAGE_STANDARD = "gnu++0x";
				CLANG_CXX_LIBRARY = "libc++";
				CLANG_ENABLE_MODULES = YES;
				CLANG_ENABLE_OBJC_ARC = YES;
				CLANG_WARN_BOOL_CONVERSION = YES;
				CLANG_WARN_CONSTANT_CONVERSION = YES;
				CLANG_WARN_DIRECT_OBJC_ISA_USAGE = YES_ERROR;
				CLANG_WARN_EMPTY_BODY = YES;
				CLANG_WARN_ENUM_CONVERSION = YES;
				CLANG_WARN_INT_CONVERSION = YES;
				CLANG_WARN_OBJC_ROOT_CLASS = YES_ERROR;
				CLANG_WARN_UNREACHABLE_CODE = YES;
				CLANG_WARN__DUPLICATE_METHOD_MATCH = YES;
				"CODE_SIGN_IDENTITY[sdk=iphoneos*]" = "iPhone Developer";
				COPY_PHASE_STRIP = NO;
				DEBUG_INFORMATION_FORMAT = "dwarf-with-dsym";
				ENABLE_NS_ASSERTIONS = NO;
				ENABLE_STRICT_OBJC_MSGSEND = YES;
				GCC_C_LANGUAGE_STANDARD = gnu99;
				GCC_NO_COMMON_BLOCKS = YES;
				GCC_WARN_64_TO_32_BIT_CONVERSION = YES;
				GCC_WARN_ABOUT_RETURN_TYPE = YES_ERROR;
				GCC_WARN_UNDECLARED_SELECTOR = YES;
				GCC_WARN_UNINITIALIZED_AUTOS = YES_AGGRESSIVE;
				GCC_WARN_UNUSED_FUNCTION = YES;
				GCC_WARN_UNUSED_VARIABLE = YES;
				IPHONEOS_DEPLOYMENT_TARGET = 9.3;
				MTL_ENABLE_DEBUG_INFO = NO;
				SDKROOT = iphoneos;
				VALIDATE_PRODUCT = YES;
			};
			name = Release;
		};
		12C396D41CACEAC100F566C4 /* Debug */ = {
			isa = XCBuildConfiguration;
			buildSettings = {
				ASSETCATALOG_COMPILER_APPICON_NAME = AppIcon;
				CLANG_ENABLE_MODULES = YES;
				CODE_SIGN_IDENTITY = "iPhone Developer";
				"CODE_SIGN_IDENTITY[sdk=iphoneos*]" = "iPhone Developer";
				FRAMEWORK_SEARCH_PATHS = (
					"$(inherited)",
					"$(PROJECT_DIR)",
				);
				INFOPLIST_FILE = "On The Map/Info.plist";
				LD_RUNPATH_SEARCH_PATHS = "$(inherited) @executable_path/Frameworks";
				PRODUCT_BUNDLE_IDENTIFIER = "Sascha-Stanic.On-The-Map";
				PRODUCT_NAME = "$(TARGET_NAME)";
				PROVISIONING_PROFILE = "";
				SWIFT_OBJC_BRIDGING_HEADER = "On The Map-Bridging-Header.h";
				SWIFT_OPTIMIZATION_LEVEL = "-Onone";
			};
			name = Debug;
		};
		12C396D51CACEAC100F566C4 /* Release */ = {
			isa = XCBuildConfiguration;
			buildSettings = {
				ASSETCATALOG_COMPILER_APPICON_NAME = AppIcon;
				CLANG_ENABLE_MODULES = YES;
				CODE_SIGN_IDENTITY = "iPhone Developer";
				"CODE_SIGN_IDENTITY[sdk=iphoneos*]" = "iPhone Developer";
				FRAMEWORK_SEARCH_PATHS = (
					"$(inherited)",
					"$(PROJECT_DIR)",
				);
				INFOPLIST_FILE = "On The Map/Info.plist";
				LD_RUNPATH_SEARCH_PATHS = "$(inherited) @executable_path/Frameworks";
				PRODUCT_BUNDLE_IDENTIFIER = "Sascha-Stanic.On-The-Map";
				PRODUCT_NAME = "$(TARGET_NAME)";
				PROVISIONING_PROFILE = "";
				SWIFT_OBJC_BRIDGING_HEADER = "On The Map-Bridging-Header.h";
			};
			name = Release;
		};
/* End XCBuildConfiguration section */

/* Begin XCConfigurationList section */
		12C396BC1CACEAC100F566C4 /* Build configuration list for PBXProject "On The Map" */ = {
			isa = XCConfigurationList;
			buildConfigurations = (
				12C396D11CACEAC100F566C4 /* Debug */,
				12C396D21CACEAC100F566C4 /* Release */,
			);
			defaultConfigurationIsVisible = 0;
			defaultConfigurationName = Release;
		};
		12C396D31CACEAC100F566C4 /* Build configuration list for PBXNativeTarget "On The Map" */ = {
			isa = XCConfigurationList;
			buildConfigurations = (
				12C396D41CACEAC100F566C4 /* Debug */,
				12C396D51CACEAC100F566C4 /* Release */,
			);
			defaultConfigurationIsVisible = 0;
		};
/* End XCConfigurationList section */
	};
	rootObject = 12C396B91CACEAC100F566C4 /* Project object */;
}
